
Microsoft Visual Studio Solution File, Format Version 12.00
Project("{FAE04EC0-301F-11D3-BF4B-00C04F79EFBC}") = "BattleShip.Server", "BattleShip.Server\BattleShip.Server.csproj", "{B252CBD9-8891-42D1-A6D0-E62DDF9F9B39}"
EndProject
Project("{FAE04EC0-301F-11D3-BF4B-00C04F79EFBC}") = "BattleShip.Client", "BattleShip.Client\BattleShip.Client.csproj", "{A00EB74C-3483-4012-BA58-74006C1D17C2}"
EndProject
Project("{FAE04EC0-301F-11D3-BF4B-00C04F79EFBC}") = "BattleShip.Shared", "BattleShip.Shared\BattleShip.Shared.csproj", "{939D2C3C-BB8B-4225-9446-D397406BB8D8}"
EndProject
Global
	GlobalSection(SolutionConfigurationPlatforms) = preSolution
		Debug|Any CPU = Debug|Any CPU
		Release|Any CPU = Release|Any CPU
	EndGlobalSection
	GlobalSection(ProjectConfigurationPlatforms) = postSolution
		{B252CBD9-8891-42D1-A6D0-E62DDF9F9B39}.Debug|Any CPU.ActiveCfg = Debug|Any CPU
		{B252CBD9-8891-42D1-A6D0-E62DDF9F9B39}.Debug|Any CPU.Build.0 = Debug|Any CPU
		{B252CBD9-8891-42D1-A6D0-E62DDF9F9B39}.Release|Any CPU.ActiveCfg = Release|Any CPU
		{B252CBD9-8891-42D1-A6D0-E62DDF9F9B39}.Release|Any CPU.Build.0 = Release|Any CPU
		{A00EB74C-3483-4012-BA58-74006C1D17C2}.Debug|Any CPU.ActiveCfg = Debug|Any CPU
		{A00EB74C-3483-4012-BA58-74006C1D17C2}.Debug|Any CPU.Build.0 = Debug|Any CPU
		{A00EB74C-3483-4012-BA58-74006C1D17C2}.Release|Any CPU.ActiveCfg = Release|Any CPU
		{A00EB74C-3483-4012-BA58-74006C1D17C2}.Release|Any CPU.Build.0 = Release|Any CPU
		{939D2C3C-BB8B-4225-9446-D397406BB8D8}.Debug|Any CPU.ActiveCfg = Debug|Any CPU
		{939D2C3C-BB8B-4225-9446-D397406BB8D8}.Debug|Any CPU.Build.0 = Debug|Any CPU
		{939D2C3C-BB8B-4225-9446-D397406BB8D8}.Release|Any CPU.ActiveCfg = Release|Any CPU
		{939D2C3C-BB8B-4225-9446-D397406BB8D8}.Release|Any CPU.Build.0 = Release|Any CPU
	EndGlobalSection
EndGlobal
